// !$*UTF8*$!
{
	archiveVersion = 1;
	classes = {
	};
	objectVersion = 56;
	objects = {

/* Begin PBXBuildFile section */
		D00A3C17290DCEBE006A6BBD /* WeatherViewController.swift in Sources */ = {isa = PBXBuildFile; fileRef = D00A3C16290DCEBE006A6BBD /* WeatherViewController.swift */; };
		D00A3C19290DCED7006A6BBD /* CurrenciesViewController.swift in Sources */ = {isa = PBXBuildFile; fileRef = D00A3C18290DCED7006A6BBD /* CurrenciesViewController.swift */; };
		D00A3C1E290EF6E3006A6BBD /* RequestModel.swift in Sources */ = {isa = PBXBuildFile; fileRef = D00A3C1D290EF6E3006A6BBD /* RequestModel.swift */; };
		D00A3C20290F0A20006A6BBD /* NewsModel.swift in Sources */ = {isa = PBXBuildFile; fileRef = D00A3C1F290F0A20006A6BBD /* NewsModel.swift */; };
		D00A3C22290F0AD8006A6BBD /* DataModels.swift in Sources */ = {isa = PBXBuildFile; fileRef = D00A3C21290F0AD8006A6BBD /* DataModels.swift */; };
		D00A3C24290F2F20006A6BBD /* ApiInfo.swift in Sources */ = {isa = PBXBuildFile; fileRef = D00A3C23290F2F20006A6BBD /* ApiInfo.swift */; };
		D02DA984291269F3009946D9 /* Constants.swift in Sources */ = {isa = PBXBuildFile; fileRef = D02DA983291269F3009946D9 /* Constants.swift */; };
		D02DA98629126DA9009946D9 /* FixedDataModels.swift in Sources */ = {isa = PBXBuildFile; fileRef = D02DA98529126DA9009946D9 /* FixedDataModels.swift */; };
		D09349E7290C6ACD005481BA /* AppDelegate.swift in Sources */ = {isa = PBXBuildFile; fileRef = D09349E6290C6ACD005481BA /* AppDelegate.swift */; };
		D09349E9290C6ACD005481BA /* SceneDelegate.swift in Sources */ = {isa = PBXBuildFile; fileRef = D09349E8290C6ACD005481BA /* SceneDelegate.swift */; };
		D09349EB290C6ACD005481BA /* NewsViewController.swift in Sources */ = {isa = PBXBuildFile; fileRef = D09349EA290C6ACD005481BA /* NewsViewController.swift */; };
		D09349EE290C6ACD005481BA /* Main.storyboard in Resources */ = {isa = PBXBuildFile; fileRef = D09349EC290C6ACD005481BA /* Main.storyboard */; };
		D09349F0290C6ACF005481BA /* Assets.xcassets in Resources */ = {isa = PBXBuildFile; fileRef = D09349EF290C6ACF005481BA /* Assets.xcassets */; };
		D09349F3290C6ACF005481BA /* LaunchScreen.storyboard in Resources */ = {isa = PBXBuildFile; fileRef = D09349F1290C6ACF005481BA /* LaunchScreen.storyboard */; };
		D0A99B8F291934CF009ACE7A /* NewsCell.swift in Sources */ = {isa = PBXBuildFile; fileRef = D0A99B8D291934CF009ACE7A /* NewsCell.swift */; };
		D0A99B90291934CF009ACE7A /* NewsCell.xib in Resources */ = {isa = PBXBuildFile; fileRef = D0A99B8E291934CF009ACE7A /* NewsCell.xib */; };
/* End PBXBuildFile section */

/* Begin PBXFileReference section */
		D00A3C16290DCEBE006A6BBD /* WeatherViewController.swift */ = {isa = PBXFileReference; lastKnownFileType = sourcecode.swift; path = WeatherViewController.swift; sourceTree = "<group>"; };
		D00A3C18290DCED7006A6BBD /* CurrenciesViewController.swift */ = {isa = PBXFileReference; lastKnownFileType = sourcecode.swift; path = CurrenciesViewController.swift; sourceTree = "<group>"; };
		D00A3C1D290EF6E3006A6BBD /* RequestModel.swift */ = {isa = PBXFileReference; lastKnownFileType = sourcecode.swift; path = RequestModel.swift; sourceTree = "<group>"; };
		D00A3C1F290F0A20006A6BBD /* NewsModel.swift */ = {isa = PBXFileReference; lastKnownFileType = sourcecode.swift; path = NewsModel.swift; sourceTree = "<group>"; };
		D00A3C21290F0AD8006A6BBD /* DataModels.swift */ = {isa = PBXFileReference; lastKnownFileType = sourcecode.swift; path = DataModels.swift; sourceTree = "<group>"; };
		D00A3C23290F2F20006A6BBD /* ApiInfo.swift */ = {isa = PBXFileReference; lastKnownFileType = sourcecode.swift; path = ApiInfo.swift; sourceTree = "<group>"; };
		D02DA983291269F3009946D9 /* Constants.swift */ = {isa = PBXFileReference; lastKnownFileType = sourcecode.swift; path = Constants.swift; sourceTree = "<group>"; };
		D02DA98529126DA9009946D9 /* FixedDataModels.swift */ = {isa = PBXFileReference; lastKnownFileType = sourcecode.swift; path = FixedDataModels.swift; sourceTree = "<group>"; };
		D09349E3290C6ACD005481BA /* News App.app */ = {isa = PBXFileReference; explicitFileType = wrapper.application; includeInIndex = 0; path = "News App.app"; sourceTree = BUILT_PRODUCTS_DIR; };
		D09349E6290C6ACD005481BA /* AppDelegate.swift */ = {isa = PBXFileReference; lastKnownFileType = sourcecode.swift; path = AppDelegate.swift; sourceTree = "<group>"; };
		D09349E8290C6ACD005481BA /* SceneDelegate.swift */ = {isa = PBXFileReference; lastKnownFileType = sourcecode.swift; path = SceneDelegate.swift; sourceTree = "<group>"; };
		D09349EA290C6ACD005481BA /* NewsViewController.swift */ = {isa = PBXFileReference; lastKnownFileType = sourcecode.swift; path = NewsViewController.swift; sourceTree = "<group>"; };
		D09349ED290C6ACD005481BA /* Base */ = {isa = PBXFileReference; lastKnownFileType = file.storyboard; name = Base; path = Base.lproj/Main.storyboard; sourceTree = "<group>"; };
		D09349EF290C6ACF005481BA /* Assets.xcassets */ = {isa = PBXFileReference; lastKnownFileType = folder.assetcatalog; path = Assets.xcassets; sourceTree = "<group>"; };
		D09349F2290C6ACF005481BA /* Base */ = {isa = PBXFileReference; lastKnownFileType = file.storyboard; name = Base; path = Base.lproj/LaunchScreen.storyboard; sourceTree = "<group>"; };
		D09349F4290C6ACF005481BA /* Info.plist */ = {isa = PBXFileReference; lastKnownFileType = text.plist.xml; path = Info.plist; sourceTree = "<group>"; };
		D0A99B8D291934CF009ACE7A /* NewsCell.swift */ = {isa = PBXFileReference; lastKnownFileType = sourcecode.swift; path = NewsCell.swift; sourceTree = "<group>"; };
		D0A99B8E291934CF009ACE7A /* NewsCell.xib */ = {isa = PBXFileReference; lastKnownFileType = file.xib; path = NewsCell.xib; sourceTree = "<group>"; };
/* End PBXFileReference section */

/* Begin PBXFrameworksBuildPhase section */
		D09349E0290C6ACD005481BA /* Frameworks */ = {
			isa = PBXFrameworksBuildPhase;
			buildActionMask = 2147483647;
			files = (
			);
			runOnlyForDeploymentPostprocessing = 0;
		};
/* End PBXFrameworksBuildPhase section */

/* Begin PBXGroup section */
		D00A3C1A290DD120006A6BBD /* View */ = {
			isa = PBXGroup;
			children = (
				D09349EC290C6ACD005481BA /* Main.storyboard */,
				D0A99B8D291934CF009ACE7A /* NewsCell.swift */,
				D0A99B8E291934CF009ACE7A /* NewsCell.xib */,
			);
			path = View;
			sourceTree = "<group>";
		};
		D00A3C1B290DD12D006A6BBD /* Controll */ = {
			isa = PBXGroup;
			children = (
				D09349EA290C6ACD005481BA /* NewsViewController.swift */,
				D00A3C16290DCEBE006A6BBD /* WeatherViewController.swift */,
				D00A3C18290DCED7006A6BBD /* CurrenciesViewController.swift */,
			);
			path = Controll;
			sourceTree = "<group>";
		};
		D00A3C1C290DD141006A6BBD /* Model */ = {
			isa = PBXGroup;
			children = (
				D00A3C1D290EF6E3006A6BBD /* RequestModel.swift */,
				D00A3C1F290F0A20006A6BBD /* NewsModel.swift */,
				D00A3C21290F0AD8006A6BBD /* DataModels.swift */,
				D00A3C23290F2F20006A6BBD /* ApiInfo.swift */,
				D02DA983291269F3009946D9 /* Constants.swift */,
				D02DA98529126DA9009946D9 /* FixedDataModels.swift */,
			);
			path = Model;
			sourceTree = "<group>";
		};
		D09349DA290C6ACD005481BA = {
			isa = PBXGroup;
			children = (
				D09349E5290C6ACD005481BA /* News App */,
				D09349E4290C6ACD005481BA /* Products */,
			);
			sourceTree = "<group>";
		};
		D09349E4290C6ACD005481BA /* Products */ = {
			isa = PBXGroup;
			children = (
				D09349E3290C6ACD005481BA /* News App.app */,
			);
			name = Products;
			sourceTree = "<group>";
		};
		D09349E5290C6ACD005481BA /* News App */ = {
			isa = PBXGroup;
			children = (
				D09349E6290C6ACD005481BA /* AppDelegate.swift */,
				D09349E8290C6ACD005481BA /* SceneDelegate.swift */,
				D00A3C1C290DD141006A6BBD /* Model */,
				D00A3C1A290DD120006A6BBD /* View */,
				D00A3C1B290DD12D006A6BBD /* Controll */,
				D09349EF290C6ACF005481BA /* Assets.xcassets */,
				D09349F1290C6ACF005481BA /* LaunchScreen.storyboard */,
				D09349F4290C6ACF005481BA /* Info.plist */,
			);
			path = "News App";
			sourceTree = "<group>";
		};
/* End PBXGroup section */

/* Begin PBXNativeTarget section */
		D09349E2290C6ACD005481BA /* News App */ = {
			isa = PBXNativeTarget;
			buildConfigurationList = D09349F7290C6ACF005481BA /* Build configuration list for PBXNativeTarget "News App" */;
			buildPhases = (
				D09349DF290C6ACD005481BA /* Sources */,
				D09349E0290C6ACD005481BA /* Frameworks */,
				D09349E1290C6ACD005481BA /* Resources */,
			);
			buildRules = (
			);
			dependencies = (
			);
			name = "News App";
			productName = "News App";
			productReference = D09349E3290C6ACD005481BA /* News App.app */;
			productType = "com.apple.product-type.application";
		};
/* End PBXNativeTarget section */

/* Begin PBXProject section */
		D09349DB290C6ACD005481BA /* Project object */ = {
			isa = PBXProject;
			attributes = {
				BuildIndependentTargetsInParallel = 1;
				LastSwiftUpdateCheck = 1400;
				LastUpgradeCheck = 1400;
				TargetAttributes = {
					D09349E2290C6ACD005481BA = {
						CreatedOnToolsVersion = 14.0.1;
					};
				};
			};
			buildConfigurationList = D09349DE290C6ACD005481BA /* Build configuration list for PBXProject "News App" */;
			compatibilityVersion = "Xcode 14.0";
			developmentRegion = en;
			hasScannedForEncodings = 0;
			knownRegions = (
				en,
				Base,
			);
			mainGroup = D09349DA290C6ACD005481BA;
			productRefGroup = D09349E4290C6ACD005481BA /* Products */;
			projectDirPath = "";
			projectRoot = "";
			targets = (
				D09349E2290C6ACD005481BA /* News App */,
			);
		};
/* End PBXProject section */

/* Begin PBXResourcesBuildPhase section */
		D09349E1290C6ACD005481BA /* Resources */ = {
			isa = PBXResourcesBuildPhase;
			buildActionMask = 2147483647;
			files = (
				D0A99B90291934CF009ACE7A /* NewsCell.xib in Resources */,
				D09349F3290C6ACF005481BA /* LaunchScreen.storyboard in Resources */,
				D09349F0290C6ACF005481BA /* Assets.xcassets in Resources */,
				D09349EE290C6ACD005481BA /* Main.storyboard in Resources */,
			);
			runOnlyForDeploymentPostprocessing = 0;
		};
/* End PBXResourcesBuildPhase section */

/* Begin PBXSourcesBuildPhase section */
		D09349DF290C6ACD005481BA /* Sources */ = {
			isa = PBXSourcesBuildPhase;
			buildActionMask = 2147483647;
			files = (
				D00A3C20290F0A20006A6BBD /* NewsModel.swift in Sources */,
				D00A3C22290F0AD8006A6BBD /* DataModels.swift in Sources */,
				D00A3C19290DCED7006A6BBD /* CurrenciesViewController.swift in Sources */,
				D09349EB290C6ACD005481BA /* NewsViewController.swift in Sources */,
				D00A3C17290DCEBE006A6BBD /* WeatherViewController.swift in Sources */,
				D02DA984291269F3009946D9 /* Constants.swift in Sources */,
				D02DA98629126DA9009946D9 /* FixedDataModels.swift in Sources */,
				D09349E7290C6ACD005481BA /* AppDelegate.swift in Sources */,
				D0A99B8F291934CF009ACE7A /* NewsCell.swift in Sources */,
				D09349E9290C6ACD005481BA /* SceneDelegate.swift in Sources */,
				D00A3C1E290EF6E3006A6BBD /* RequestModel.swift in Sources */,
				D00A3C24290F2F20006A6BBD /* ApiInfo.swift in Sources */,
			);
			runOnlyForDeploymentPostprocessing = 0;
		};
/* End PBXSourcesBuildPhase section */

/* Begin PBXVariantGroup section */
		D09349EC290C6ACD005481BA /* Main.storyboard */ = {
			isa = PBXVariantGroup;
			children = (
				D09349ED290C6ACD005481BA /* Base */,
			);
			name = Main.storyboard;
			sourceTree = "<group>";
		};
		D09349F1290C6ACF005481BA /* LaunchScreen.storyboard */ = {
			isa = PBXVariantGroup;
			children = (
				D09349F2290C6ACF005481BA /* Base */,
			);
			name = LaunchScreen.storyboard;
			sourceTree = "<group>";
		};
/* End PBXVariantGroup section */

/* Begin XCBuildConfiguration section */
		D09349F5290C6ACF005481BA /* Debug */ = {
			isa = XCBuildConfiguration;
			buildSettings = {
				ALWAYS_SEARCH_USER_PATHS = NO;
				CLANG_ANALYZER_NONNULL = YES;
				CLANG_ANALYZER_NUMBER_OBJECT_CONVERSION = YES_AGGRESSIVE;
				CLANG_CXX_LANGUAGE_STANDARD = "gnu++20";
				CLANG_ENABLE_MODULES = YES;
				CLANG_ENABLE_OBJC_ARC = YES;
				CLANG_ENABLE_OBJC_WEAK = YES;
				CLANG_WARN_BLOCK_CAPTURE_AUTORELEASING = YES;
				CLANG_WARN_BOOL_CONVERSION = YES;
				CLANG_WARN_COMMA = YES;
				CLANG_WARN_CONSTANT_CONVERSION = YES;
				CLANG_WARN_DEPRECATED_OBJC_IMPLEMENTATIONS = YES;
				CLANG_WARN_DIRECT_OBJC_ISA_USAGE = YES_ERROR;
				CLANG_WARN_DOCUMENTATION_COMMENTS = YES;
				CLANG_WARN_EMPTY_BODY = YES;
				CLANG_WARN_ENUM_CONVERSION = YES;
				CLANG_WARN_INFINITE_RECURSION = YES;
				CLANG_WARN_INT_CONVERSION = YES;
				CLANG_WARN_NON_LITERAL_NULL_CONVERSION = YES;
				CLANG_WARN_OBJC_IMPLICIT_RETAIN_SELF = YES;
				CLANG_WARN_OBJC_LITERAL_CONVERSION = YES;
				CLANG_WARN_OBJC_ROOT_CLASS = YES_ERROR;
				CLANG_WARN_QUOTED_INCLUDE_IN_FRAMEWORK_HEADER = YES;
				CLANG_WARN_RANGE_LOOP_ANALYSIS = YES;
				CLANG_WARN_STRICT_PROTOTYPES = YES;
				CLANG_WARN_SUSPICIOUS_MOVE = YES;
				CLANG_WARN_UNGUARDED_AVAILABILITY = YES_AGGRESSIVE;
				CLANG_WARN_UNREACHABLE_CODE = YES;
				CLANG_WARN__DUPLICATE_METHOD_MATCH = YES;
				COPY_PHASE_STRIP = NO;
				DEBUG_INFORMATION_FORMAT = dwarf;
				ENABLE_STRICT_OBJC_MSGSEND = YES;
				ENABLE_TESTABILITY = YES;
				GCC_C_LANGUAGE_STANDARD = gnu11;
				GCC_DYNAMIC_NO_PIC = NO;
				GCC_NO_COMMON_BLOCKS = YES;
				GCC_OPTIMIZATION_LEVEL = 0;
				GCC_PREPROCESSOR_DEFINITIONS = (
					"DEBUG=1",
					"$(inherited)",
				);
				GCC_WARN_64_TO_32_BIT_CONVERSION = YES;
				GCC_WARN_ABOUT_RETURN_TYPE = YES_ERROR;
				GCC_WARN_UNDECLARED_SELECTOR = YES;
				GCC_WARN_UNINITIALIZED_AUTOS = YES_AGGRESSIVE;
				GCC_WARN_UNUSED_FUNCTION = YES;
				GCC_WARN_UNUSED_VARIABLE = YES;
				IPHONEOS_DEPLOYMENT_TARGET = 16.0;
				MTL_ENABLE_DEBUG_INFO = INCLUDE_SOURCE;
				MTL_FAST_MATH = YES;
				ONLY_ACTIVE_ARCH = YES;
				SDKROOT = iphoneos;
				SWIFT_ACTIVE_COMPILATION_CONDITIONS = DEBUG;
				SWIFT_OPTIMIZATION_LEVEL = "-Onone";
			};
			name = Debug;
		};
		D09349F6290C6ACF005481BA /* Release */ = {
			isa = XCBuildConfiguration;
			buildSettings = {
				ALWAYS_SEARCH_USER_PATHS = NO;
				CLANG_ANALYZER_NONNULL = YES;
				CLANG_ANALYZER_NUMBER_OBJECT_CONVERSION = YES_AGGRESSIVE;
				CLANG_CXX_LANGUAGE_STANDARD = "gnu++20";
				CLANG_ENABLE_MODULES = YES;
				CLANG_ENABLE_OBJC_ARC = YES;
				CLANG_ENABLE_OBJC_WEAK = YES;
				CLANG_WARN_BLOCK_CAPTURE_AUTORELEASING = YES;
				CLANG_WARN_BOOL_CONVERSION = YES;
				CLANG_WARN_COMMA = YES;
				CLANG_WARN_CONSTANT_CONVERSION = YES;
				CLANG_WARN_DEPRECATED_OBJC_IMPLEMENTATIONS = YES;
				CLANG_WARN_DIRECT_OBJC_ISA_USAGE = YES_ERROR;
				CLANG_WARN_DOCUMENTATION_COMMENTS = YES;
				CLANG_WARN_EMPTY_BODY = YES;
				CLANG_WARN_ENUM_CONVERSION = YES;
				CLANG_WARN_INFINITE_RECURSION = YES;
				CLANG_WARN_INT_CONVERSION = YES;
				CLANG_WARN_NON_LITERAL_NULL_CONVERSION = YES;
				CLANG_WARN_OBJC_IMPLICIT_RETAIN_SELF = YES;
				CLANG_WARN_OBJC_LITERAL_CONVERSION = YES;
				CLANG_WARN_OBJC_ROOT_CLASS = YES_ERROR;
				CLANG_WARN_QUOTED_INCLUDE_IN_FRAMEWORK_HEADER = YES;
				CLANG_WARN_RANGE_LOOP_ANALYSIS = YES;
				CLANG_WARN_STRICT_PROTOTYPES = YES;
				CLANG_WARN_SUSPICIOUS_MOVE = YES;
				CLANG_WARN_UNGUARDED_AVAILABILITY = YES_AGGRESSIVE;
				CLANG_WARN_UNREACHABLE_CODE = YES;
				CLANG_WARN__DUPLICATE_METHOD_MATCH = YES;
				COPY_PHASE_STRIP = NO;
				DEBUG_INFORMATION_FORMAT = "dwarf-with-dsym";
				ENABLE_NS_ASSERTIONS = NO;
				ENABLE_STRICT_OBJC_MSGSEND = YES;
				GCC_C_LANGUAGE_STANDARD = gnu11;
				GCC_NO_COMMON_BLOCKS = YES;
				GCC_WARN_64_TO_32_BIT_CONVERSION = YES;
				GCC_WARN_ABOUT_RETURN_TYPE = YES_ERROR;
				GCC_WARN_UNDECLARED_SELECTOR = YES;
				GCC_WARN_UNINITIALIZED_AUTOS = YES_AGGRESSIVE;
				GCC_WARN_UNUSED_FUNCTION = YES;
				GCC_WARN_UNUSED_VARIABLE = YES;
				IPHONEOS_DEPLOYMENT_TARGET = 16.0;
				MTL_ENABLE_DEBUG_INFO = NO;
				MTL_FAST_MATH = YES;
				SDKROOT = iphoneos;
				SWIFT_COMPILATION_MODE = wholemodule;
				SWIFT_OPTIMIZATION_LEVEL = "-O";
				VALIDATE_PRODUCT = YES;
			};
			name = Release;
		};
		D09349F8290C6ACF005481BA /* Debug */ = {
			isa = XCBuildConfiguration;
			buildSettings = {
				ASSETCATALOG_COMPILER_APPICON_NAME = AppIcon;
				ASSETCATALOG_COMPILER_GLOBAL_ACCENT_COLOR_NAME = AccentColor;
				CODE_SIGN_STYLE = Automatic;
				CURRENT_PROJECT_VERSION = 1;
				DEVELOPMENT_TEAM = 42MZQA59RY;
				GENERATE_INFOPLIST_FILE = YES;
				INFOPLIST_FILE = "News App/Info.plist";
				INFOPLIST_KEY_UIApplicationSupportsIndirectInputEvents = YES;
				INFOPLIST_KEY_UILaunchStoryboardName = LaunchScreen;
				INFOPLIST_KEY_UIMainStoryboardFile = Main;
				INFOPLIST_KEY_UISupportedInterfaceOrientations_iPad = "UIInterfaceOrientationPortrait UIInterfaceOrientationPortraitUpsideDown UIInterfaceOrientationLandscapeLeft UIInterfaceOrientationLandscapeRight";
				INFOPLIST_KEY_UISupportedInterfaceOrientations_iPhone = "UIInterfaceOrientationPortrait UIInterfaceOrientationLandscapeLeft UIInterfaceOrientationLandscapeRight";
				LD_RUNPATH_SEARCH_PATHS = (
					"$(inherited)",
					"@executable_path/Frameworks",
				);
				MARKETING_VERSION = 1.0;
				PRODUCT_BUNDLE_IDENTIFIER = "com.mikolajdawczyk.News-App";
				PRODUCT_NAME = "$(TARGET_NAME)";
				SWIFT_EMIT_LOC_STRINGS = YES;
				SWIFT_VERSION = 5.0;
				TARGETED_DEVICE_FAMILY = "1,2";
			};
			name = Debug;
		};
		D09349F9290C6ACF005481BA /* Release */ = {
			isa = XCBuildConfiguration;
			buildSettings = {
				ASSETCATALOG_COMPILER_APPICON_NAME = AppIcon;
				ASSETCATALOG_COMPILER_GLOBAL_ACCENT_COLOR_NAME = AccentColor;
				CODE_SIGN_STYLE = Automatic;
				CURRENT_PROJECT_VERSION = 1;
				DEVELOPMENT_TEAM = 42MZQA59RY;
				GENERATE_INFOPLIST_FILE = YES;
				INFOPLIST_FILE = "News App/Info.plist";
				INFOPLIST_KEY_UIApplicationSupportsIndirectInputEvents = YES;
				INFOPLIST_KEY_UILaunchStoryboardName = LaunchScreen;
				INFOPLIST_KEY_UIMainStoryboardFile = Main;
				INFOPLIST_KEY_UISupportedInterfaceOrientations_iPad = "UIInterfaceOrientationPortrait UIInterfaceOrientationPortraitUpsideDown UIInterfaceOrientationLandscapeLeft UIInterfaceOrientationLandscapeRight";
				INFOPLIST_KEY_UISupportedInterfaceOrientations_iPhone = "UIInterfaceOrientationPortrait UIInterfaceOrientationLandscapeLeft UIInterfaceOrientationLandscapeRight";
				LD_RUNPATH_SEARCH_PATHS = (
					"$(inherited)",
					"@executable_path/Frameworks",
				);
				MARKETING_VERSION = 1.0;
				PRODUCT_BUNDLE_IDENTIFIER = "com.mikolajdawczyk.News-App";
				PRODUCT_NAME = "$(TARGET_NAME)";
				SWIFT_EMIT_LOC_STRINGS = YES;
				SWIFT_VERSION = 5.0;
				TARGETED_DEVICE_FAMILY = "1,2";
			};
			name = Release;
		};
/* End XCBuildConfiguration section */

/* Begin XCConfigurationList section */
		D09349DE290C6ACD005481BA /* Build configuration list for PBXProject "News App" */ = {
			isa = XCConfigurationList;
			buildConfigurations = (
				D09349F5290C6ACF005481BA /* Debug */,
				D09349F6290C6ACF005481BA /* Release */,
			);
			defaultConfigurationIsVisible = 0;
			defaultConfigurationName = Release;
		};
		D09349F7290C6ACF005481BA /* Build configuration list for PBXNativeTarget "News App" */ = {
			isa = XCConfigurationList;
			buildConfigurations = (
				D09349F8290C6ACF005481BA /* Debug */,
				D09349F9290C6ACF005481BA /* Release */,
			);
			defaultConfigurationIsVisible = 0;
			defaultConfigurationName = Release;
		};
/* End XCConfigurationList section */
	};
	rootObject = D09349DB290C6ACD005481BA /* Project object */;
}
